
Microsoft Visual Studio Solution File, Format Version 12.00
# Visual Studio Version 17
VisualStudioVersion = 17.13.35818.85 d17.13
MinimumVisualStudioVersion = 10.0.40219.1
Project("{FAE04EC0-301F-11D3-BF4B-00C04F79EFBC}") = "ProgPOE", "ProgPOE\ProgPOE.csproj", "{34377E9E-1D1A-4808-A208-38E6FA56C624}"
EndProject
Global
	GlobalSection(SolutionConfigurationPlatforms) = preSolution
		Debug|Any CPU = Debug|Any CPU
		Release|Any CPU = Release|Any CPU
	EndGlobalSection
	GlobalSection(ProjectConfigurationPlatforms) = postSolution
		{34377E9E-1D1A-4808-A208-38E6FA56C624}.Debug|Any CPU.ActiveCfg = Debug|Any CPU
		{34377E9E-1D1A-4808-A208-38E6FA56C624}.Debug|Any CPU.Build.0 = Debug|Any CPU
		{34377E9E-1D1A-4808-A208-38E6FA56C624}.Release|Any CPU.ActiveCfg = Release|Any CPU
		{34377E9E-1D1A-4808-A208-38E6FA56C624}.Release|Any CPU.Build.0 = Release|Any CPU
	EndGlobalSection
	GlobalSection(SolutionProperties) = preSolution
		HideSolutionNode = FALSE
	EndGlobalSection
	GlobalSection(ExtensibilityGlobals) = postSolution
		SolutionGuid = {81B397CF-6A7B-4781-AE8D-9265B2DCA40B}
	EndGlobalSection
EndGlobal
